
Microsoft Visual Studio Solution File, Format Version 12.00
Project("{FAE04EC0-301F-11D3-BF4B-00C04F79EFBC}") = "be-pos-barman", "be-pos-barman.csproj", "{31D96ACB-54D5-4269-A013-BA1A58A4066F}"
EndProject
Global
	GlobalSection(SolutionConfigurationPlatforms) = preSolution
		Debug|Any CPU = Debug|Any CPU
		Release|Any CPU = Release|Any CPU
	EndGlobalSection
	GlobalSection(ProjectConfigurationPlatforms) = postSolution
		{31D96ACB-54D5-4269-A013-BA1A58A4066F}.Debug|Any CPU.ActiveCfg = Debug|Any CPU
		{31D96ACB-54D5-4269-A013-BA1A58A4066F}.Debug|Any CPU.Build.0 = Debug|Any CPU
		{31D96ACB-54D5-4269-A013-BA1A58A4066F}.Release|Any CPU.ActiveCfg = Release|Any CPU
		{31D96ACB-54D5-4269-A013-BA1A58A4066F}.Release|Any CPU.Build.0 = Release|Any CPU
	EndGlobalSection
EndGlobal
